
Microsoft Visual Studio Solution File, Format Version 12.00
# Visual Studio 15
VisualStudioVersion = 15.0.28307.902
MinimumVisualStudioVersion = 10.0.40219.1
Project("{FAE04EC0-301F-11D3-BF4B-00C04F79EFBC}") = "SettingText", "SettingText\SettingText.csproj", "{AE4B5824-8F91-4122-ADF1-14C37843484B}"
EndProject
Global
	GlobalSection(SolutionConfigurationPlatforms) = preSolution
		Debug|Any CPU = Debug|Any CPU
		Release|Any CPU = Release|Any CPU
	EndGlobalSection
	GlobalSection(ProjectConfigurationPlatforms) = postSolution
		{AE4B5824-8F91-4122-ADF1-14C37843484B}.Debug|Any CPU.ActiveCfg = Debug|Any CPU
		{AE4B5824-8F91-4122-ADF1-14C37843484B}.Debug|Any CPU.Build.0 = Debug|Any CPU
		{AE4B5824-8F91-4122-ADF1-14C37843484B}.Release|Any CPU.ActiveCfg = Release|Any CPU
		{AE4B5824-8F91-4122-ADF1-14C37843484B}.Release|Any CPU.Build.0 = Release|Any CPU
	EndGlobalSection
	GlobalSection(SolutionProperties) = preSolution
		HideSolutionNode = FALSE
	EndGlobalSection
	GlobalSection(ExtensibilityGlobals) = postSolution
		SolutionGuid = {44D70CFE-3CCA-4925-892A-07424C527CA2}
	EndGlobalSection
EndGlobal
